
Microsoft Visual Studio Solution File, Format Version 12.00
# Visual Studio 15
VisualStudioVersion = 15.0.25920.0
MinimumVisualStudioVersion = 10.0.40219.1
Project("{FAE04EC0-301F-11D3-BF4B-00C04F79EFBC}") = "02.ReverseString", "ReverseString\02.ReverseString.csproj", "{91BEB1EB-9572-4EEB-8710-528EBAC85F2B}"
EndProject
Project("{FAE04EC0-301F-11D3-BF4B-00C04F79EFBC}") = "03.CorrectBrackets", "CorrectBrackets\03.CorrectBrackets.csproj", "{F6A3AF6C-2DE9-4F32-BEF8-4A00318B7B24}"
EndProject
Project("{FAE04EC0-301F-11D3-BF4B-00C04F79EFBC}") = "04.Sub-stringInText", "Sub-stringInText\04.Sub-stringInText.csproj", "{2A2D8DAD-039F-4AFF-958A-908717E14109}"
EndProject
Project("{FAE04EC0-301F-11D3-BF4B-00C04F79EFBC}") = "05.ParseTags", "ParseTags\05.ParseTags.csproj", "{1657F44B-188B-4F7A-8806-C5638158DB06}"
EndProject
Project("{FAE04EC0-301F-11D3-BF4B-00C04F79EFBC}") = "06.StringLength", "StringLength\06.StringLength.csproj", "{82985F0E-3F0C-467C-B89E-D13B1FA1A94C}"
EndProject
Project("{FAE04EC0-301F-11D3-BF4B-00C04F79EFBC}") = "08.ExtractSentences", "ExtractSentences\08.ExtractSentences.csproj", "{820AB28A-09EB-4811-BEA1-89B60A71D5E3}"
EndProject
Project("{FAE04EC0-301F-11D3-BF4B-00C04F79EFBC}") = "10.UnicodeCharacters", "UnicodeCharacters\10.UnicodeCharacters.csproj", "{69DB64AE-478E-413E-B1D1-F057F251AE1E}"
EndProject
Project("{FAE04EC0-301F-11D3-BF4B-00C04F79EFBC}") = "12.ParseURL", "ParseURL\12.ParseURL.csproj", "{4D6EFEF3-D0B7-44E9-9A6C-210E69D104C2}"
EndProject
Project("{FAE04EC0-301F-11D3-BF4B-00C04F79EFBC}") = "15.ReplaceTags", "ReplaceTags\15.ReplaceTags.csproj", "{DA6EFE19-20A8-44E9-ADAB-FC3FFB5A8D42}"
EndProject
Project("{FAE04EC0-301F-11D3-BF4B-00C04F79EFBC}") = "23.SeriesOfLetters", "SeriesOfLetters\23.SeriesOfLetters.csproj", "{0C0FFD5C-07C6-493C-BE8B-E3854552D0FC}"
EndProject
Global
	GlobalSection(SolutionConfigurationPlatforms) = preSolution
		Debug|Any CPU = Debug|Any CPU
		Release|Any CPU = Release|Any CPU
	EndGlobalSection
	GlobalSection(ProjectConfigurationPlatforms) = postSolution
		{91BEB1EB-9572-4EEB-8710-528EBAC85F2B}.Debug|Any CPU.ActiveCfg = Debug|Any CPU
		{91BEB1EB-9572-4EEB-8710-528EBAC85F2B}.Debug|Any CPU.Build.0 = Debug|Any CPU
		{91BEB1EB-9572-4EEB-8710-528EBAC85F2B}.Release|Any CPU.ActiveCfg = Release|Any CPU
		{91BEB1EB-9572-4EEB-8710-528EBAC85F2B}.Release|Any CPU.Build.0 = Release|Any CPU
		{F6A3AF6C-2DE9-4F32-BEF8-4A00318B7B24}.Debug|Any CPU.ActiveCfg = Debug|Any CPU
		{F6A3AF6C-2DE9-4F32-BEF8-4A00318B7B24}.Debug|Any CPU.Build.0 = Debug|Any CPU
		{F6A3AF6C-2DE9-4F32-BEF8-4A00318B7B24}.Release|Any CPU.ActiveCfg = Release|Any CPU
		{F6A3AF6C-2DE9-4F32-BEF8-4A00318B7B24}.Release|Any CPU.Build.0 = Release|Any CPU
		{2A2D8DAD-039F-4AFF-958A-908717E14109}.Debug|Any CPU.ActiveCfg = Debug|Any CPU
		{2A2D8DAD-039F-4AFF-958A-908717E14109}.Debug|Any CPU.Build.0 = Debug|Any CPU
		{2A2D8DAD-039F-4AFF-958A-908717E14109}.Release|Any CPU.ActiveCfg = Release|Any CPU
		{2A2D8DAD-039F-4AFF-958A-908717E14109}.Release|Any CPU.Build.0 = Release|Any CPU
		{1657F44B-188B-4F7A-8806-C5638158DB06}.Debug|Any CPU.ActiveCfg = Debug|Any CPU
		{1657F44B-188B-4F7A-8806-C5638158DB06}.Debug|Any CPU.Build.0 = Debug|Any CPU
		{1657F44B-188B-4F7A-8806-C5638158DB06}.Release|Any CPU.ActiveCfg = Release|Any CPU
		{1657F44B-188B-4F7A-8806-C5638158DB06}.Release|Any CPU.Build.0 = Release|Any CPU
		{82985F0E-3F0C-467C-B89E-D13B1FA1A94C}.Debug|Any CPU.ActiveCfg = Debug|Any CPU
		{82985F0E-3F0C-467C-B89E-D13B1FA1A94C}.Debug|Any CPU.Build.0 = Debug|Any CPU
		{82985F0E-3F0C-467C-B89E-D13B1FA1A94C}.Release|Any CPU.ActiveCfg = Release|Any CPU
		{82985F0E-3F0C-467C-B89E-D13B1FA1A94C}.Release|Any CPU.Build.0 = Release|Any CPU
		{820AB28A-09EB-4811-BEA1-89B60A71D5E3}.Debug|Any CPU.ActiveCfg = Debug|Any CPU
		{820AB28A-09EB-4811-BEA1-89B60A71D5E3}.Debug|Any CPU.Build.0 = Debug|Any CPU
		{820AB28A-09EB-4811-BEA1-89B60A71D5E3}.Release|Any CPU.ActiveCfg = Release|Any CPU
		{820AB28A-09EB-4811-BEA1-89B60A71D5E3}.Release|Any CPU.Build.0 = Release|Any CPU
		{69DB64AE-478E-413E-B1D1-F057F251AE1E}.Debug|Any CPU.ActiveCfg = Debug|Any CPU
		{69DB64AE-478E-413E-B1D1-F057F251AE1E}.Debug|Any CPU.Build.0 = Debug|Any CPU
		{69DB64AE-478E-413E-B1D1-F057F251AE1E}.Release|Any CPU.ActiveCfg = Release|Any CPU
		{69DB64AE-478E-413E-B1D1-F057F251AE1E}.Release|Any CPU.Build.0 = Release|Any CPU
		{4D6EFEF3-D0B7-44E9-9A6C-210E69D104C2}.Debug|Any CPU.ActiveCfg = Debug|Any CPU
		{4D6EFEF3-D0B7-44E9-9A6C-210E69D104C2}.Debug|Any CPU.Build.0 = Debug|Any CPU
		{4D6EFEF3-D0B7-44E9-9A6C-210E69D104C2}.Release|Any CPU.ActiveCfg = Release|Any CPU
		{4D6EFEF3-D0B7-44E9-9A6C-210E69D104C2}.Release|Any CPU.Build.0 = Release|Any CPU
		{DA6EFE19-20A8-44E9-ADAB-FC3FFB5A8D42}.Debug|Any CPU.ActiveCfg = Debug|Any CPU
		{DA6EFE19-20A8-44E9-ADAB-FC3FFB5A8D42}.Debug|Any CPU.Build.0 = Debug|Any CPU
		{DA6EFE19-20A8-44E9-ADAB-FC3FFB5A8D42}.Release|Any CPU.ActiveCfg = Release|Any CPU
		{DA6EFE19-20A8-44E9-ADAB-FC3FFB5A8D42}.Release|Any CPU.Build.0 = Release|Any CPU
		{0C0FFD5C-07C6-493C-BE8B-E3854552D0FC}.Debug|Any CPU.ActiveCfg = Debug|Any CPU
		{0C0FFD5C-07C6-493C-BE8B-E3854552D0FC}.Debug|Any CPU.Build.0 = Debug|Any CPU
		{0C0FFD5C-07C6-493C-BE8B-E3854552D0FC}.Release|Any CPU.ActiveCfg = Release|Any CPU
		{0C0FFD5C-07C6-493C-BE8B-E3854552D0FC}.Release|Any CPU.Build.0 = Release|Any CPU
	EndGlobalSection
	GlobalSection(SolutionProperties) = preSolution
		HideSolutionNode = FALSE
	EndGlobalSection
EndGlobal
